// !$*UTF8*$!
{
	archiveVersion = 1;
	classes = {
	};
	objectVersion = 50;
	objects = {

/* Begin PBXBuildFile section */
		03BE8D3F25569E2800CB35C8 /* ImageButtonHandler.swift in Sources */ = {isa = PBXBuildFile; fileRef = 03BE8D3E25569E2800CB35C8 /* ImageButtonHandler.swift */; };
		03BF3D84255EA93B0053D623 /* LogInViewController.swift in Sources */ = {isa = PBXBuildFile; fileRef = 03BF3D83255EA93A0053D623 /* LogInViewController.swift */; };
		03BF3D87255EB6770053D623 /* InspectionCategory.swift in Sources */ = {isa = PBXBuildFile; fileRef = 03BF3D86255EB6770053D623 /* InspectionCategory.swift */; };
		03F467E5253C090A00FC7B03 /* ImagePicker.swift in Sources */ = {isa = PBXBuildFile; fileRef = 03F467E4253C090900FC7B03 /* ImagePicker.swift */; };
		2F3E685C2532196B002A87EF /* AppDelegate.swift in Sources */ = {isa = PBXBuildFile; fileRef = 2F3E685B2532196B002A87EF /* AppDelegate.swift */; };
		2F3E685E2532196B002A87EF /* SceneDelegate.swift in Sources */ = {isa = PBXBuildFile; fileRef = 2F3E685D2532196B002A87EF /* SceneDelegate.swift */; };
		2F3E68602532196B002A87EF /* ViewController.swift in Sources */ = {isa = PBXBuildFile; fileRef = 2F3E685F2532196B002A87EF /* ViewController.swift */; };
		2F3E68632532196B002A87EF /* Main.storyboard in Resources */ = {isa = PBXBuildFile; fileRef = 2F3E68612532196B002A87EF /* Main.storyboard */; };
		2F3E68662532196B002A87EF /* StoneBride_Well_Inspection.xcdatamodeld in Sources */ = {isa = PBXBuildFile; fileRef = 2F3E68642532196B002A87EF /* StoneBride_Well_Inspection.xcdatamodeld */; };
		2F3E68682532196E002A87EF /* Assets.xcassets in Resources */ = {isa = PBXBuildFile; fileRef = 2F3E68672532196E002A87EF /* Assets.xcassets */; };
		2F3E686B2532196E002A87EF /* LaunchScreen.storyboard in Resources */ = {isa = PBXBuildFile; fileRef = 2F3E68692532196E002A87EF /* LaunchScreen.storyboard */; };
		2F3E687325321B0F002A87EF /* InspectionFormViewController.swift in Sources */ = {isa = PBXBuildFile; fileRef = 2F3E687225321B0F002A87EF /* InspectionFormViewController.swift */; };
		2F3E687525321C31002A87EF /* inspectionList.swift in Sources */ = {isa = PBXBuildFile; fileRef = 2F3E687425321C31002A87EF /* inspectionList.swift */; };
		2F407B882544BE1100AA2C0F /* TableCellViewController.swift in Sources */ = {isa = PBXBuildFile; fileRef = 2F407B872544BE1100AA2C0F /* TableCellViewController.swift */; };
		2F407B8C2544C0F000AA2C0F /* TableViewController.swift in Sources */ = {isa = PBXBuildFile; fileRef = 2F407B8B2544C0F000AA2C0F /* TableViewController.swift */; };
		4AC139832611053A0089B56A /* SQLite.framework in Frameworks */ = {isa = PBXBuildFile; fileRef = 4AC1396D2611052F0089B56A /* SQLite.framework */; };
		4AC139842611053A0089B56A /* SQLite.framework in Embed Frameworks */ = {isa = PBXBuildFile; fileRef = 4AC1396D2611052F0089B56A /* SQLite.framework */; settings = {ATTRIBUTES = (CodeSignOnCopy, RemoveHeadersOnCopy, ); }; };
		4AC13987261105640089B56A /* Database.swift in Sources */ = {isa = PBXBuildFile; fileRef = 4AC13986261105640089B56A /* Database.swift */; };
		D05A1012256B0A75004D89CB /* InspectionFormCategory.swift in Sources */ = {isa = PBXBuildFile; fileRef = D05A1011256B0A75004D89CB /* InspectionFormCategory.swift */; };
		D05EC2F225D1BAA6002198A1 /* InspectionFormCategoryEntity+CoreDataClass.swift in Sources */ = {isa = PBXBuildFile; fileRef = D05EC2E825D1BAA6002198A1 /* InspectionFormCategoryEntity+CoreDataClass.swift */; };
		D05EC2F325D1BAA6002198A1 /* InspectionFormCategoryEntity+CoreDataProperties.swift in Sources */ = {isa = PBXBuildFile; fileRef = D05EC2E925D1BAA6002198A1 /* InspectionFormCategoryEntity+CoreDataProperties.swift */; };
		D05EC2F425D1BAA6002198A1 /* InspectionFormPicturesEntity+CoreDataClass.swift in Sources */ = {isa = PBXBuildFile; fileRef = D05EC2EA25D1BAA6002198A1 /* InspectionFormPicturesEntity+CoreDataClass.swift */; };
		D05EC2F525D1BAA6002198A1 /* InspectionFormPicturesEntity+CoreDataProperties.swift in Sources */ = {isa = PBXBuildFile; fileRef = D05EC2EB25D1BAA6002198A1 /* InspectionFormPicturesEntity+CoreDataProperties.swift */; };
		D05EC2F625D1BAA6002198A1 /* InspectionFormEntity+CoreDataClass.swift in Sources */ = {isa = PBXBuildFile; fileRef = D05EC2EC25D1BAA6002198A1 /* InspectionFormEntity+CoreDataClass.swift */; };
		D05EC2F725D1BAA6002198A1 /* InspectionFormEntity+CoreDataProperties.swift in Sources */ = {isa = PBXBuildFile; fileRef = D05EC2ED25D1BAA6002198A1 /* InspectionFormEntity+CoreDataProperties.swift */; };
		D05EC2F825D1BAA6002198A1 /* InspectionFormSectionEntity+CoreDataClass.swift in Sources */ = {isa = PBXBuildFile; fileRef = D05EC2EE25D1BAA6002198A1 /* InspectionFormSectionEntity+CoreDataClass.swift */; };
		D05EC2F925D1BAA6002198A1 /* InspectionFormSectionEntity+CoreDataProperties.swift in Sources */ = {isa = PBXBuildFile; fileRef = D05EC2EF25D1BAA6002198A1 /* InspectionFormSectionEntity+CoreDataProperties.swift */; };
		D05EC2FA25D1BAA6002198A1 /* InspectionFormPicContainerEntity+CoreDataClass.swift in Sources */ = {isa = PBXBuildFile; fileRef = D05EC2F025D1BAA6002198A1 /* InspectionFormPicContainerEntity+CoreDataClass.swift */; };
		D05EC2FB25D1BAA6002198A1 /* InspectionFormPicContainerEntity+CoreDataProperties.swift in Sources */ = {isa = PBXBuildFile; fileRef = D05EC2F125D1BAA6002198A1 /* InspectionFormPicContainerEntity+CoreDataProperties.swift */; };
		D0CAC92925575D0C0022DA9A /* inspectionFormModel.swift in Sources */ = {isa = PBXBuildFile; fileRef = D0CAC92825575D0C0022DA9A /* inspectionFormModel.swift */; };
/* End PBXBuildFile section */

/* Begin PBXContainerItemProxy section */
		4AC1396C2611052F0089B56A /* PBXContainerItemProxy */ = {
			isa = PBXContainerItemProxy;
			containerPortal = 4AC139622611052F0089B56A /* SQLite.xcodeproj */;
			proxyType = 2;
			remoteGlobalIDString = EE247AD31C3F04ED00AE3E12;
			remoteInfo = "SQLite iOS";
		};
		4AC1396E2611052F0089B56A /* PBXContainerItemProxy */ = {
			isa = PBXContainerItemProxy;
			containerPortal = 4AC139622611052F0089B56A /* SQLite.xcodeproj */;
			proxyType = 2;
			remoteGlobalIDString = EE247ADD1C3F04ED00AE3E12;
			remoteInfo = "SQLiteTests iOS";
		};
		4AC139702611052F0089B56A /* PBXContainerItemProxy */ = {
			isa = PBXContainerItemProxy;
			containerPortal = 4AC139622611052F0089B56A /* SQLite.xcodeproj */;
			proxyType = 2;
			remoteGlobalIDString = EE247B3C1C3F3ED000AE3E12;
			remoteInfo = "SQLite Mac";
		};
		4AC139722611052F0089B56A /* PBXContainerItemProxy */ = {
			isa = PBXContainerItemProxy;
			containerPortal = 4AC139622611052F0089B56A /* SQLite.xcodeproj */;
			proxyType = 2;
			remoteGlobalIDString = EE247B451C3F3ED000AE3E12;
			remoteInfo = "SQLiteTests Mac";
		};
		4AC139742611052F0089B56A /* PBXContainerItemProxy */ = {
			isa = PBXContainerItemProxy;
			containerPortal = 4AC139622611052F0089B56A /* SQLite.xcodeproj */;
			proxyType = 2;
			remoteGlobalIDString = 03A65E5A1C6BB0F50062603F;
			remoteInfo = "SQLite tvOS";
		};
		4AC139762611052F0089B56A /* PBXContainerItemProxy */ = {
			isa = PBXContainerItemProxy;
			containerPortal = 4AC139622611052F0089B56A /* SQLite.xcodeproj */;
			proxyType = 2;
			remoteGlobalIDString = 03A65E631C6BB0F60062603F;
			remoteInfo = "SQLiteTests tvOS";
		};
		4AC139782611052F0089B56A /* PBXContainerItemProxy */ = {
			isa = PBXContainerItemProxy;
			containerPortal = 4AC139622611052F0089B56A /* SQLite.xcodeproj */;
			proxyType = 2;
			remoteGlobalIDString = A121AC451CA35C79005A31D1;
			remoteInfo = "SQLite watchOS";
		};
/* End PBXContainerItemProxy section */

/* Begin PBXCopyFilesBuildPhase section */
		4AC139852611053A0089B56A /* Embed Frameworks */ = {
			isa = PBXCopyFilesBuildPhase;
			buildActionMask = 2147483647;
			dstPath = "";
			dstSubfolderSpec = 10;
			files = (
				4AC139842611053A0089B56A /* SQLite.framework in Embed Frameworks */,
			);
			name = "Embed Frameworks";
			runOnlyForDeploymentPostprocessing = 0;
		};
/* End PBXCopyFilesBuildPhase section */

/* Begin PBXFileReference section */
		03BE8D3E25569E2800CB35C8 /* ImageButtonHandler.swift */ = {isa = PBXFileReference; lastKnownFileType = sourcecode.swift; path = ImageButtonHandler.swift; sourceTree = "<group>"; };
		03BF3D83255EA93A0053D623 /* LogInViewController.swift */ = {isa = PBXFileReference; fileEncoding = 4; lastKnownFileType = sourcecode.swift; name = LogInViewController.swift; path = "StoneBride Well Inspection/LogInViewController.swift"; sourceTree = SOURCE_ROOT; };
		03BF3D86255EB6770053D623 /* InspectionCategory.swift */ = {isa = PBXFileReference; lastKnownFileType = sourcecode.swift; path = InspectionCategory.swift; sourceTree = "<group>"; };
		03F467E4253C090900FC7B03 /* ImagePicker.swift */ = {isa = PBXFileReference; lastKnownFileType = sourcecode.swift; path = ImagePicker.swift; sourceTree = "<group>"; };
		2F3E68582532196B002A87EF /* StoneBridge Well Inspection.app */ = {isa = PBXFileReference; explicitFileType = wrapper.application; includeInIndex = 0; path = "StoneBridge Well Inspection.app"; sourceTree = BUILT_PRODUCTS_DIR; };
		2F3E685B2532196B002A87EF /* AppDelegate.swift */ = {isa = PBXFileReference; lastKnownFileType = sourcecode.swift; path = AppDelegate.swift; sourceTree = "<group>"; };
		2F3E685D2532196B002A87EF /* SceneDelegate.swift */ = {isa = PBXFileReference; lastKnownFileType = sourcecode.swift; path = SceneDelegate.swift; sourceTree = "<group>"; };
		2F3E685F2532196B002A87EF /* ViewController.swift */ = {isa = PBXFileReference; lastKnownFileType = sourcecode.swift; path = ViewController.swift; sourceTree = "<group>"; };
		2F3E68622532196B002A87EF /* Base */ = {isa = PBXFileReference; lastKnownFileType = file.storyboard; name = Base; path = Base.lproj/Main.storyboard; sourceTree = "<group>"; };
		2F3E68652532196B002A87EF /* StoneBride_Well_Inspection.xcdatamodel */ = {isa = PBXFileReference; lastKnownFileType = wrapper.xcdatamodel; path = StoneBride_Well_Inspection.xcdatamodel; sourceTree = "<group>"; };
		2F3E68672532196E002A87EF /* Assets.xcassets */ = {isa = PBXFileReference; lastKnownFileType = folder.assetcatalog; path = Assets.xcassets; sourceTree = "<group>"; };
		2F3E686A2532196E002A87EF /* Base */ = {isa = PBXFileReference; lastKnownFileType = file.storyboard; name = Base; path = Base.lproj/LaunchScreen.storyboard; sourceTree = "<group>"; };
		2F3E686C2532196E002A87EF /* Info.plist */ = {isa = PBXFileReference; lastKnownFileType = text.plist.xml; path = Info.plist; sourceTree = "<group>"; };
		2F3E687225321B0F002A87EF /* InspectionFormViewController.swift */ = {isa = PBXFileReference; lastKnownFileType = sourcecode.swift; path = InspectionFormViewController.swift; sourceTree = "<group>"; };
		2F3E687425321C31002A87EF /* inspectionList.swift */ = {isa = PBXFileReference; lastKnownFileType = sourcecode.swift; path = inspectionList.swift; sourceTree = "<group>"; };
		2F407B872544BE1100AA2C0F /* TableCellViewController.swift */ = {isa = PBXFileReference; lastKnownFileType = sourcecode.swift; path = TableCellViewController.swift; sourceTree = "<group>"; };
		2F407B8B2544C0F000AA2C0F /* TableViewController.swift */ = {isa = PBXFileReference; lastKnownFileType = sourcecode.swift; path = TableViewController.swift; sourceTree = "<group>"; };
		4AC139622611052F0089B56A /* SQLite.xcodeproj */ = {isa = PBXFileReference; lastKnownFileType = "wrapper.pb-project"; name = SQLite.xcodeproj; path = "../SQLite.swift-master/SQLite.xcodeproj"; sourceTree = "<group>"; };
		4AC13986261105640089B56A /* Database.swift */ = {isa = PBXFileReference; lastKnownFileType = sourcecode.swift; path = Database.swift; sourceTree = "<group>"; };
		D05A1011256B0A75004D89CB /* InspectionFormCategory.swift */ = {isa = PBXFileReference; lastKnownFileType = sourcecode.swift; path = InspectionFormCategory.swift; sourceTree = "<group>"; };
		D05EC2E825D1BAA6002198A1 /* InspectionFormCategoryEntity+CoreDataClass.swift */ = {isa = PBXFileReference; lastKnownFileType = sourcecode.swift; name = "InspectionFormCategoryEntity+CoreDataClass.swift"; path = "../../InspectionFormCategoryEntity+CoreDataClass.swift"; sourceTree = "<group>"; };
		D05EC2E925D1BAA6002198A1 /* InspectionFormCategoryEntity+CoreDataProperties.swift */ = {isa = PBXFileReference; lastKnownFileType = sourcecode.swift; name = "InspectionFormCategoryEntity+CoreDataProperties.swift"; path = "../../InspectionFormCategoryEntity+CoreDataProperties.swift"; sourceTree = "<group>"; };
		D05EC2EA25D1BAA6002198A1 /* InspectionFormPicturesEntity+CoreDataClass.swift */ = {isa = PBXFileReference; lastKnownFileType = sourcecode.swift; name = "InspectionFormPicturesEntity+CoreDataClass.swift"; path = "../../InspectionFormPicturesEntity+CoreDataClass.swift"; sourceTree = "<group>"; };
		D05EC2EB25D1BAA6002198A1 /* InspectionFormPicturesEntity+CoreDataProperties.swift */ = {isa = PBXFileReference; lastKnownFileType = sourcecode.swift; name = "InspectionFormPicturesEntity+CoreDataProperties.swift"; path = "../../InspectionFormPicturesEntity+CoreDataProperties.swift"; sourceTree = "<group>"; };
		D05EC2EC25D1BAA6002198A1 /* InspectionFormEntity+CoreDataClass.swift */ = {isa = PBXFileReference; lastKnownFileType = sourcecode.swift; name = "InspectionFormEntity+CoreDataClass.swift"; path = "../../InspectionFormEntity+CoreDataClass.swift"; sourceTree = "<group>"; };
		D05EC2ED25D1BAA6002198A1 /* InspectionFormEntity+CoreDataProperties.swift */ = {isa = PBXFileReference; lastKnownFileType = sourcecode.swift; name = "InspectionFormEntity+CoreDataProperties.swift"; path = "../../InspectionFormEntity+CoreDataProperties.swift"; sourceTree = "<group>"; };
		D05EC2EE25D1BAA6002198A1 /* InspectionFormSectionEntity+CoreDataClass.swift */ = {isa = PBXFileReference; lastKnownFileType = sourcecode.swift; name = "InspectionFormSectionEntity+CoreDataClass.swift"; path = "../../InspectionFormSectionEntity+CoreDataClass.swift"; sourceTree = "<group>"; };
		D05EC2EF25D1BAA6002198A1 /* InspectionFormSectionEntity+CoreDataProperties.swift */ = {isa = PBXFileReference; lastKnownFileType = sourcecode.swift; name = "InspectionFormSectionEntity+CoreDataProperties.swift"; path = "../../InspectionFormSectionEntity+CoreDataProperties.swift"; sourceTree = "<group>"; };
		D05EC2F025D1BAA6002198A1 /* InspectionFormPicContainerEntity+CoreDataClass.swift */ = {isa = PBXFileReference; lastKnownFileType = sourcecode.swift; name = "InspectionFormPicContainerEntity+CoreDataClass.swift"; path = "../../InspectionFormPicContainerEntity+CoreDataClass.swift"; sourceTree = "<group>"; };
		D05EC2F125D1BAA6002198A1 /* InspectionFormPicContainerEntity+CoreDataProperties.swift */ = {isa = PBXFileReference; lastKnownFileType = sourcecode.swift; name = "InspectionFormPicContainerEntity+CoreDataProperties.swift"; path = "../../InspectionFormPicContainerEntity+CoreDataProperties.swift"; sourceTree = "<group>"; };
		D0CAC92825575D0C0022DA9A /* inspectionFormModel.swift */ = {isa = PBXFileReference; lastKnownFileType = sourcecode.swift; path = inspectionFormModel.swift; sourceTree = "<group>"; };
/* End PBXFileReference section */

/* Begin PBXFrameworksBuildPhase section */
		2F3E68552532196B002A87EF /* Frameworks */ = {
			isa = PBXFrameworksBuildPhase;
			buildActionMask = 2147483647;
			files = (
				4AC139832611053A0089B56A /* SQLite.framework in Frameworks */,
			);
			runOnlyForDeploymentPostprocessing = 0;
		};
/* End PBXFrameworksBuildPhase section */

/* Begin PBXGroup section */
		2F3E684F2532196B002A87EF = {
			isa = PBXGroup;
			children = (
				4AC139622611052F0089B56A /* SQLite.xcodeproj */,
				2F3E685A2532196B002A87EF /* StoneBride Well Inspection */,
				2F3E68592532196B002A87EF /* Products */,
				4AC139822611053A0089B56A /* Frameworks */,
			);
			sourceTree = "<group>";
		};
		2F3E68592532196B002A87EF /* Products */ = {
			isa = PBXGroup;
			children = (
				2F3E68582532196B002A87EF /* StoneBridge Well Inspection.app */,
			);
			name = Products;
			sourceTree = "<group>";
		};
		2F3E685A2532196B002A87EF /* StoneBride Well Inspection */ = {
			isa = PBXGroup;
			children = (
				D0CAC92F2557733B0022DA9A /* Controllers */,
				D0CAC92C255772A20022DA9A /* CoreDataEntities */,
				D0CAC92E255773130022DA9A /* Models */,
				2F3E685B2532196B002A87EF /* AppDelegate.swift */,
				2F3E685D2532196B002A87EF /* SceneDelegate.swift */,
				2F3E687425321C31002A87EF /* inspectionList.swift */,
				2F3E68612532196B002A87EF /* Main.storyboard */,
				2F3E68672532196E002A87EF /* Assets.xcassets */,
				2F3E68692532196E002A87EF /* LaunchScreen.storyboard */,
				2F3E686C2532196E002A87EF /* Info.plist */,
				2F3E68642532196B002A87EF /* StoneBride_Well_Inspection.xcdatamodeld */,
				03F467E4253C090900FC7B03 /* ImagePicker.swift */,
				03BE8D3E25569E2800CB35C8 /* ImageButtonHandler.swift */,
				03BF3D86255EB6770053D623 /* InspectionCategory.swift */,
			);
			path = "StoneBride Well Inspection";
			sourceTree = "<group>";
		};
		4AC139632611052F0089B56A /* Products */ = {
			isa = PBXGroup;
			children = (
				4AC1396D2611052F0089B56A /* SQLite.framework */,
				4AC1396F2611052F0089B56A /* SQLiteTests iOS.xctest */,
				4AC139712611052F0089B56A /* SQLite.framework */,
				4AC139732611052F0089B56A /* SQLiteTests Mac.xctest */,
				4AC139752611052F0089B56A /* SQLite.framework */,
				4AC139772611052F0089B56A /* SQLiteTests tvOS.xctest */,
				4AC139792611052F0089B56A /* SQLite.framework */,
			);
			name = Products;
			sourceTree = "<group>";
		};
		4AC139822611053A0089B56A /* Frameworks */ = {
			isa = PBXGroup;
			children = (
			);
			name = Frameworks;
			sourceTree = "<group>";
		};
		D0CAC92C255772A20022DA9A /* CoreDataEntities */ = {
			isa = PBXGroup;
			children = (
				D05EC2E825D1BAA6002198A1 /* InspectionFormCategoryEntity+CoreDataClass.swift */,
				D05EC2E925D1BAA6002198A1 /* InspectionFormCategoryEntity+CoreDataProperties.swift */,
				D05EC2EA25D1BAA6002198A1 /* InspectionFormPicturesEntity+CoreDataClass.swift */,
				D05EC2EB25D1BAA6002198A1 /* InspectionFormPicturesEntity+CoreDataProperties.swift */,
				D05EC2EC25D1BAA6002198A1 /* InspectionFormEntity+CoreDataClass.swift */,
				D05EC2ED25D1BAA6002198A1 /* InspectionFormEntity+CoreDataProperties.swift */,
				D05EC2EE25D1BAA6002198A1 /* InspectionFormSectionEntity+CoreDataClass.swift */,
				D05EC2EF25D1BAA6002198A1 /* InspectionFormSectionEntity+CoreDataProperties.swift */,
				D05EC2F025D1BAA6002198A1 /* InspectionFormPicContainerEntity+CoreDataClass.swift */,
				D05EC2F125D1BAA6002198A1 /* InspectionFormPicContainerEntity+CoreDataProperties.swift */,
			);
			path = CoreDataEntities;
			sourceTree = "<group>";
		};
		D0CAC92E255773130022DA9A /* Models */ = {
			isa = PBXGroup;
			children = (
				D0CAC92825575D0C0022DA9A /* inspectionFormModel.swift */,
				D05A1011256B0A75004D89CB /* InspectionFormCategory.swift */,
				4AC13986261105640089B56A /* Database.swift */,
			);
			path = Models;
			sourceTree = "<group>";
		};
		D0CAC92F2557733B0022DA9A /* Controllers */ = {
			isa = PBXGroup;
			children = (
				03BF3D83255EA93A0053D623 /* LogInViewController.swift */,
				2F3E685F2532196B002A87EF /* ViewController.swift */,
				2F407B8B2544C0F000AA2C0F /* TableViewController.swift */,
				2F407B872544BE1100AA2C0F /* TableCellViewController.swift */,
				2F3E687225321B0F002A87EF /* InspectionFormViewController.swift */,
			);
			path = Controllers;
			sourceTree = "<group>";
		};
/* End PBXGroup section */

/* Begin PBXNativeTarget section */
		2F3E68572532196B002A87EF /* StoneBridge Well Inspection */ = {
			isa = PBXNativeTarget;
			buildConfigurationList = 2F3E686F2532196E002A87EF /* Build configuration list for PBXNativeTarget "StoneBridge Well Inspection" */;
			buildPhases = (
				2F3E68542532196B002A87EF /* Sources */,
				2F3E68552532196B002A87EF /* Frameworks */,
				2F3E68562532196B002A87EF /* Resources */,
				4AC139852611053A0089B56A /* Embed Frameworks */,
			);
			buildRules = (
			);
			dependencies = (
			);
			name = "StoneBridge Well Inspection";
			productName = "StoneBride Well Inspection";
			productReference = 2F3E68582532196B002A87EF /* StoneBridge Well Inspection.app */;
			productType = "com.apple.product-type.application";
		};
/* End PBXNativeTarget section */

/* Begin PBXProject section */
		2F3E68502532196B002A87EF /* Project object */ = {
			isa = PBXProject;
			attributes = {
				LastSwiftUpdateCheck = 1160;
				LastUpgradeCheck = 1200;
				ORGANIZATIONNAME = ASU;
				TargetAttributes = {
					2F3E68572532196B002A87EF = {
						CreatedOnToolsVersion = 11.6;
					};
				};
			};
			buildConfigurationList = 2F3E68532532196B002A87EF /* Build configuration list for PBXProject "StoneBride Well Inspection" */;
			compatibilityVersion = "Xcode 9.3";
			developmentRegion = en;
			hasScannedForEncodings = 0;
			knownRegions = (
				en,
				Base,
			);
			mainGroup = 2F3E684F2532196B002A87EF;
			productRefGroup = 2F3E68592532196B002A87EF /* Products */;
			projectDirPath = "";
			projectReferences = (
				{
					ProductGroup = 4AC139632611052F0089B56A /* Products */;
					ProjectRef = 4AC139622611052F0089B56A /* SQLite.xcodeproj */;
				},
			);
			projectRoot = "";
			targets = (
				2F3E68572532196B002A87EF /* StoneBridge Well Inspection */,
			);
		};
/* End PBXProject section */

/* Begin PBXReferenceProxy section */
		4AC1396D2611052F0089B56A /* SQLite.framework */ = {
			isa = PBXReferenceProxy;
			fileType = wrapper.framework;
			path = SQLite.framework;
			remoteRef = 4AC1396C2611052F0089B56A /* PBXContainerItemProxy */;
			sourceTree = BUILT_PRODUCTS_DIR;
		};
		4AC1396F2611052F0089B56A /* SQLiteTests iOS.xctest */ = {
			isa = PBXReferenceProxy;
			fileType = wrapper.cfbundle;
			path = "SQLiteTests iOS.xctest";
			remoteRef = 4AC1396E2611052F0089B56A /* PBXContainerItemProxy */;
			sourceTree = BUILT_PRODUCTS_DIR;
		};
		4AC139712611052F0089B56A /* SQLite.framework */ = {
			isa = PBXReferenceProxy;
			fileType = wrapper.framework;
			path = SQLite.framework;
			remoteRef = 4AC139702611052F0089B56A /* PBXContainerItemProxy */;
			sourceTree = BUILT_PRODUCTS_DIR;
		};
		4AC139732611052F0089B56A /* SQLiteTests Mac.xctest */ = {
			isa = PBXReferenceProxy;
			fileType = wrapper.cfbundle;
			path = "SQLiteTests Mac.xctest";
			remoteRef = 4AC139722611052F0089B56A /* PBXContainerItemProxy */;
			sourceTree = BUILT_PRODUCTS_DIR;
		};
		4AC139752611052F0089B56A /* SQLite.framework */ = {
			isa = PBXReferenceProxy;
			fileType = wrapper.framework;
			path = SQLite.framework;
			remoteRef = 4AC139742611052F0089B56A /* PBXContainerItemProxy */;
			sourceTree = BUILT_PRODUCTS_DIR;
		};
		4AC139772611052F0089B56A /* SQLiteTests tvOS.xctest */ = {
			isa = PBXReferenceProxy;
			fileType = wrapper.cfbundle;
			path = "SQLiteTests tvOS.xctest";
			remoteRef = 4AC139762611052F0089B56A /* PBXContainerItemProxy */;
			sourceTree = BUILT_PRODUCTS_DIR;
		};
		4AC139792611052F0089B56A /* SQLite.framework */ = {
			isa = PBXReferenceProxy;
			fileType = wrapper.framework;
			path = SQLite.framework;
			remoteRef = 4AC139782611052F0089B56A /* PBXContainerItemProxy */;
			sourceTree = BUILT_PRODUCTS_DIR;
		};
/* End PBXReferenceProxy section */

/* Begin PBXResourcesBuildPhase section */
		2F3E68562532196B002A87EF /* Resources */ = {
			isa = PBXResourcesBuildPhase;
			buildActionMask = 2147483647;
			files = (
				2F3E686B2532196E002A87EF /* LaunchScreen.storyboard in Resources */,
				2F3E68682532196E002A87EF /* Assets.xcassets in Resources */,
				2F3E68632532196B002A87EF /* Main.storyboard in Resources */,
			);
			runOnlyForDeploymentPostprocessing = 0;
		};
/* End PBXResourcesBuildPhase section */

/* Begin PBXSourcesBuildPhase section */
		2F3E68542532196B002A87EF /* Sources */ = {
			isa = PBXSourcesBuildPhase;
			buildActionMask = 2147483647;
			files = (
				2F3E68662532196B002A87EF /* StoneBride_Well_Inspection.xcdatamodeld in Sources */,
				D0CAC92925575D0C0022DA9A /* inspectionFormModel.swift in Sources */,
				03BF3D87255EB6770053D623 /* InspectionCategory.swift in Sources */,
				4AC13987261105640089B56A /* Database.swift in Sources */,
				2F3E687525321C31002A87EF /* inspectionList.swift in Sources */,
				D05EC2F825D1BAA6002198A1 /* InspectionFormSectionEntity+CoreDataClass.swift in Sources */,
				03BE8D3F25569E2800CB35C8 /* ImageButtonHandler.swift in Sources */,
				D05A1012256B0A75004D89CB /* InspectionFormCategory.swift in Sources */,
				D05EC2F425D1BAA6002198A1 /* InspectionFormPicturesEntity+CoreDataClass.swift in Sources */,
				D05EC2F925D1BAA6002198A1 /* InspectionFormSectionEntity+CoreDataProperties.swift in Sources */,
				D05EC2F325D1BAA6002198A1 /* InspectionFormCategoryEntity+CoreDataProperties.swift in Sources */,
				D05EC2F725D1BAA6002198A1 /* InspectionFormEntity+CoreDataProperties.swift in Sources */,
				2F3E687325321B0F002A87EF /* InspectionFormViewController.swift in Sources */,
				D05EC2F625D1BAA6002198A1 /* InspectionFormEntity+CoreDataClass.swift in Sources */,
				03F467E5253C090A00FC7B03 /* ImagePicker.swift in Sources */,
				D05EC2FA25D1BAA6002198A1 /* InspectionFormPicContainerEntity+CoreDataClass.swift in Sources */,
				D05EC2F225D1BAA6002198A1 /* InspectionFormCategoryEntity+CoreDataClass.swift in Sources */,
				2F407B882544BE1100AA2C0F /* TableCellViewController.swift in Sources */,
				2F3E68602532196B002A87EF /* ViewController.swift in Sources */,
				03BF3D84255EA93B0053D623 /* LogInViewController.swift in Sources */,
				D05EC2FB25D1BAA6002198A1 /* InspectionFormPicContainerEntity+CoreDataProperties.swift in Sources */,
				2F3E685C2532196B002A87EF /* AppDelegate.swift in Sources */,
				D05EC2F525D1BAA6002198A1 /* InspectionFormPicturesEntity+CoreDataProperties.swift in Sources */,
				2F407B8C2544C0F000AA2C0F /* TableViewController.swift in Sources */,
				2F3E685E2532196B002A87EF /* SceneDelegate.swift in Sources */,
			);
			runOnlyForDeploymentPostprocessing = 0;
		};
/* End PBXSourcesBuildPhase section */

/* Begin PBXVariantGroup section */
		2F3E68612532196B002A87EF /* Main.storyboard */ = {
			isa = PBXVariantGroup;
			children = (
				2F3E68622532196B002A87EF /* Base */,
			);
			name = Main.storyboard;
			sourceTree = "<group>";
		};
		2F3E68692532196E002A87EF /* LaunchScreen.storyboard */ = {
			isa = PBXVariantGroup;
			children = (
				2F3E686A2532196E002A87EF /* Base */,
			);
			name = LaunchScreen.storyboard;
			sourceTree = "<group>";
		};
/* End PBXVariantGroup section */

/* Begin XCBuildConfiguration section */
		2F3E686D2532196E002A87EF /* Debug */ = {
			isa = XCBuildConfiguration;
			buildSettings = {
				ALWAYS_SEARCH_USER_PATHS = NO;
				CLANG_ANALYZER_NONNULL = YES;
				CLANG_ANALYZER_NUMBER_OBJECT_CONVERSION = YES_AGGRESSIVE;
				CLANG_CXX_LANGUAGE_STANDARD = "gnu++14";
				CLANG_CXX_LIBRARY = "libc++";
				CLANG_ENABLE_MODULES = YES;
				CLANG_ENABLE_OBJC_ARC = YES;
				CLANG_ENABLE_OBJC_WEAK = YES;
				CLANG_WARN_BLOCK_CAPTURE_AUTORELEASING = YES;
				CLANG_WARN_BOOL_CONVERSION = YES;
				CLANG_WARN_COMMA = YES;
				CLANG_WARN_CONSTANT_CONVERSION = YES;
				CLANG_WARN_DEPRECATED_OBJC_IMPLEMENTATIONS = YES;
				CLANG_WARN_DIRECT_OBJC_ISA_USAGE = YES_ERROR;
				CLANG_WARN_DOCUMENTATION_COMMENTS = YES;
				CLANG_WARN_EMPTY_BODY = YES;
				CLANG_WARN_ENUM_CONVERSION = YES;
				CLANG_WARN_INFINITE_RECURSION = YES;
				CLANG_WARN_INT_CONVERSION = YES;
				CLANG_WARN_NON_LITERAL_NULL_CONVERSION = YES;
				CLANG_WARN_OBJC_IMPLICIT_RETAIN_SELF = YES;
				CLANG_WARN_OBJC_LITERAL_CONVERSION = YES;
				CLANG_WARN_OBJC_ROOT_CLASS = YES_ERROR;
				CLANG_WARN_QUOTED_INCLUDE_IN_FRAMEWORK_HEADER = YES;
				CLANG_WARN_RANGE_LOOP_ANALYSIS = YES;
				CLANG_WARN_STRICT_PROTOTYPES = YES;
				CLANG_WARN_SUSPICIOUS_MOVE = YES;
				CLANG_WARN_UNGUARDED_AVAILABILITY = YES_AGGRESSIVE;
				CLANG_WARN_UNREACHABLE_CODE = YES;
				CLANG_WARN__DUPLICATE_METHOD_MATCH = YES;
				COPY_PHASE_STRIP = NO;
				DEBUG_INFORMATION_FORMAT = dwarf;
				ENABLE_STRICT_OBJC_MSGSEND = YES;
				ENABLE_TESTABILITY = YES;
				GCC_C_LANGUAGE_STANDARD = gnu11;
				GCC_DYNAMIC_NO_PIC = NO;
				GCC_NO_COMMON_BLOCKS = YES;
				GCC_OPTIMIZATION_LEVEL = 0;
				GCC_PREPROCESSOR_DEFINITIONS = (
					"DEBUG=1",
					"$(inherited)",
				);
				GCC_WARN_64_TO_32_BIT_CONVERSION = YES;
				GCC_WARN_ABOUT_RETURN_TYPE = YES_ERROR;
				GCC_WARN_UNDECLARED_SELECTOR = YES;
				GCC_WARN_UNINITIALIZED_AUTOS = YES_AGGRESSIVE;
				GCC_WARN_UNUSED_FUNCTION = YES;
				GCC_WARN_UNUSED_VARIABLE = YES;
				IPHONEOS_DEPLOYMENT_TARGET = 13.6;
				MTL_ENABLE_DEBUG_INFO = INCLUDE_SOURCE;
				MTL_FAST_MATH = YES;
				ONLY_ACTIVE_ARCH = YES;
				SDKROOT = iphoneos;
				SWIFT_ACTIVE_COMPILATION_CONDITIONS = DEBUG;
				SWIFT_OPTIMIZATION_LEVEL = "-Onone";
			};
			name = Debug;
		};
		2F3E686E2532196E002A87EF /* Release */ = {
			isa = XCBuildConfiguration;
			buildSettings = {
				ALWAYS_SEARCH_USER_PATHS = NO;
				CLANG_ANALYZER_NONNULL = YES;
				CLANG_ANALYZER_NUMBER_OBJECT_CONVERSION = YES_AGGRESSIVE;
				CLANG_CXX_LANGUAGE_STANDARD = "gnu++14";
				CLANG_CXX_LIBRARY = "libc++";
				CLANG_ENABLE_MODULES = YES;
				CLANG_ENABLE_OBJC_ARC = YES;
				CLANG_ENABLE_OBJC_WEAK = YES;
				CLANG_WARN_BLOCK_CAPTURE_AUTORELEASING = YES;
				CLANG_WARN_BOOL_CONVERSION = YES;
				CLANG_WARN_COMMA = YES;
				CLANG_WARN_CONSTANT_CONVERSION = YES;
				CLANG_WARN_DEPRECATED_OBJC_IMPLEMENTATIONS = YES;
				CLANG_WARN_DIRECT_OBJC_ISA_USAGE = YES_ERROR;
				CLANG_WARN_DOCUMENTATION_COMMENTS = YES;
				CLANG_WARN_EMPTY_BODY = YES;
				CLANG_WARN_ENUM_CONVERSION = YES;
				CLANG_WARN_INFINITE_RECURSION = YES;
				CLANG_WARN_INT_CONVERSION = YES;
				CLANG_WARN_NON_LITERAL_NULL_CONVERSION = YES;
				CLANG_WARN_OBJC_IMPLICIT_RETAIN_SELF = YES;
				CLANG_WARN_OBJC_LITERAL_CONVERSION = YES;
				CLANG_WARN_OBJC_ROOT_CLASS = YES_ERROR;
				CLANG_WARN_QUOTED_INCLUDE_IN_FRAMEWORK_HEADER = YES;
				CLANG_WARN_RANGE_LOOP_ANALYSIS = YES;
				CLANG_WARN_STRICT_PROTOTYPES = YES;
				CLANG_WARN_SUSPICIOUS_MOVE = YES;
				CLANG_WARN_UNGUARDED_AVAILABILITY = YES_AGGRESSIVE;
				CLANG_WARN_UNREACHABLE_CODE = YES;
				CLANG_WARN__DUPLICATE_METHOD_MATCH = YES;
				COPY_PHASE_STRIP = NO;
				DEBUG_INFORMATION_FORMAT = "dwarf-with-dsym";
				ENABLE_NS_ASSERTIONS = NO;
				ENABLE_STRICT_OBJC_MSGSEND = YES;
				GCC_C_LANGUAGE_STANDARD = gnu11;
				GCC_NO_COMMON_BLOCKS = YES;
				GCC_WARN_64_TO_32_BIT_CONVERSION = YES;
				GCC_WARN_ABOUT_RETURN_TYPE = YES_ERROR;
				GCC_WARN_UNDECLARED_SELECTOR = YES;
				GCC_WARN_UNINITIALIZED_AUTOS = YES_AGGRESSIVE;
				GCC_WARN_UNUSED_FUNCTION = YES;
				GCC_WARN_UNUSED_VARIABLE = YES;
				IPHONEOS_DEPLOYMENT_TARGET = 13.6;
				MTL_ENABLE_DEBUG_INFO = NO;
				MTL_FAST_MATH = YES;
				SDKROOT = iphoneos;
				SWIFT_COMPILATION_MODE = wholemodule;
				SWIFT_OPTIMIZATION_LEVEL = "-O";
				VALIDATE_PRODUCT = YES;
			};
			name = Release;
		};
		2F3E68702532196E002A87EF /* Debug */ = {
			isa = XCBuildConfiguration;
			buildSettings = {
				ASSETCATALOG_COMPILER_APPICON_NAME = AppIcon;
				CODE_SIGN_IDENTITY = "iPhone Developer";
				CODE_SIGN_STYLE = Manual;
				CURRENT_PROJECT_VERSION = 4;
				DEVELOPMENT_TEAM = 8H8375HW5W;
				INFOPLIST_FILE = "StoneBride Well Inspection/Info.plist";
				IPHONEOS_DEPLOYMENT_TARGET = 14.0;
				LD_RUNPATH_SEARCH_PATHS = (
					"$(inherited)",
					"@executable_path/Frameworks",
				);
				MARKETING_VERSION = 0.1.0;
				PRODUCT_BUNDLE_IDENTIFIER = "StoneBridge-Capstone.StoneBridge-Well-Inspection-Application";
				PRODUCT_NAME = "$(TARGET_NAME)";
				PROVISIONING_PROFILE_SPECIFIER = "Travis Qing";
				SWIFT_VERSION = 5.0;
				TARGETED_DEVICE_FAMILY = "1,2";
			};
			name = Debug;
		};
		2F3E68712532196E002A87EF /* Release */ = {
			isa = XCBuildConfiguration;
			buildSettings = {
				ASSETCATALOG_COMPILER_APPICON_NAME = AppIcon;
				CODE_SIGN_IDENTITY = "iPhone Developer";
				CODE_SIGN_STYLE = Manual;
				CURRENT_PROJECT_VERSION = 4;
				DEVELOPMENT_TEAM = 8H8375HW5W;
				INFOPLIST_FILE = "StoneBride Well Inspection/Info.plist";
				IPHONEOS_DEPLOYMENT_TARGET = 14.0;
				LD_RUNPATH_SEARCH_PATHS = (
					"$(inherited)",
					"@executable_path/Frameworks",
				);
				MARKETING_VERSION = 0.1.0;
				PRODUCT_BUNDLE_IDENTIFIER = "StoneBridge-Capstone.StoneBridge-Well-Inspection-Application";
				PRODUCT_NAME = "$(TARGET_NAME)";
				PROVISIONING_PROFILE_SPECIFIER = "Travis Qing";
				SWIFT_VERSION = 5.0;
				TARGETED_DEVICE_FAMILY = "1,2";
			};
			name = Release;
		};
/* End XCBuildConfiguration section */

/* Begin XCConfigurationList section */
		2F3E68532532196B002A87EF /* Build configuration list for PBXProject "StoneBride Well Inspection" */ = {
			isa = XCConfigurationList;
			buildConfigurations = (
				2F3E686D2532196E002A87EF /* Debug */,
				2F3E686E2532196E002A87EF /* Release */,
			);
			defaultConfigurationIsVisible = 0;
			defaultConfigurationName = Release;
		};
		2F3E686F2532196E002A87EF /* Build configuration list for PBXNativeTarget "StoneBridge Well Inspection" */ = {
			isa = XCConfigurationList;
			buildConfigurations = (
				2F3E68702532196E002A87EF /* Debug */,
				2F3E68712532196E002A87EF /* Release */,
			);
			defaultConfigurationIsVisible = 0;
			defaultConfigurationName = Release;
		};
/* End XCConfigurationList section */

/* Begin XCVersionGroup section */
		2F3E68642532196B002A87EF /* StoneBride_Well_Inspection.xcdatamodeld */ = {
			isa = XCVersionGroup;
			children = (
				2F3E68652532196B002A87EF /* StoneBride_Well_Inspection.xcdatamodel */,
			);
			currentVersion = 2F3E68652532196B002A87EF /* StoneBride_Well_Inspection.xcdatamodel */;
			path = StoneBride_Well_Inspection.xcdatamodeld;
			sourceTree = "<group>";
			versionGroupType = wrapper.xcdatamodel;
		};
/* End XCVersionGroup section */
	};
	rootObject = 2F3E68502532196B002A87EF /* Project object */;
}
